
Microsoft Visual Studio Solution File, Format Version 12.00
# Visual Studio Version 17
VisualStudioVersion = 17.9.34616.47
MinimumVisualStudioVersion = 10.0.40219.1
Project("{9A19103F-16F7-4668-BE54-9A1E7A4F7556}") = "BulkyWeb", "BulkyWeb\BulkyWeb.csproj", "{8F9F64E9-3B29-49F3-84BC-340B5E2B3607}"
EndProject
Project("{FAE04EC0-301F-11D3-BF4B-00C04F79EFBC}") = "Bulky.DataAccess", "Bulky.DataAccess\Bulky.DataAccess.csproj", "{48A1C43F-C7D1-432F-A8AC-874D261F6316}"
EndProject
Project("{FAE04EC0-301F-11D3-BF4B-00C04F79EFBC}") = "Bulky.Models", "Bulky.Models\Bulky.Models.csproj", "{06A53CA5-9F19-4204-86E0-A444A6C1DCF3}"
EndProject
Project("{FAE04EC0-301F-11D3-BF4B-00C04F79EFBC}") = "Bulky.Utility", "Bulky.Utility\Bulky.Utility.csproj", "{F71F4BF3-61DD-422B-8E71-2DD46A463EDE}"
EndProject
Global
	GlobalSection(SolutionConfigurationPlatforms) = preSolution
		Debug|Any CPU = Debug|Any CPU
		Release|Any CPU = Release|Any CPU
	EndGlobalSection
	GlobalSection(ProjectConfigurationPlatforms) = postSolution
		{8F9F64E9-3B29-49F3-84BC-340B5E2B3607}.Debug|Any CPU.ActiveCfg = Debug|Any CPU
		{8F9F64E9-3B29-49F3-84BC-340B5E2B3607}.Debug|Any CPU.Build.0 = Debug|Any CPU
		{8F9F64E9-3B29-49F3-84BC-340B5E2B3607}.Release|Any CPU.ActiveCfg = Release|Any CPU
		{8F9F64E9-3B29-49F3-84BC-340B5E2B3607}.Release|Any CPU.Build.0 = Release|Any CPU
		{48A1C43F-C7D1-432F-A8AC-874D261F6316}.Debug|Any CPU.ActiveCfg = Debug|Any CPU
		{48A1C43F-C7D1-432F-A8AC-874D261F6316}.Debug|Any CPU.Build.0 = Debug|Any CPU
		{48A1C43F-C7D1-432F-A8AC-874D261F6316}.Release|Any CPU.ActiveCfg = Release|Any CPU
		{48A1C43F-C7D1-432F-A8AC-874D261F6316}.Release|Any CPU.Build.0 = Release|Any CPU
		{06A53CA5-9F19-4204-86E0-A444A6C1DCF3}.Debug|Any CPU.ActiveCfg = Debug|Any CPU
		{06A53CA5-9F19-4204-86E0-A444A6C1DCF3}.Debug|Any CPU.Build.0 = Debug|Any CPU
		{06A53CA5-9F19-4204-86E0-A444A6C1DCF3}.Release|Any CPU.ActiveCfg = Release|Any CPU
		{06A53CA5-9F19-4204-86E0-A444A6C1DCF3}.Release|Any CPU.Build.0 = Release|Any CPU
		{F71F4BF3-61DD-422B-8E71-2DD46A463EDE}.Debug|Any CPU.ActiveCfg = Debug|Any CPU
		{F71F4BF3-61DD-422B-8E71-2DD46A463EDE}.Debug|Any CPU.Build.0 = Debug|Any CPU
		{F71F4BF3-61DD-422B-8E71-2DD46A463EDE}.Release|Any CPU.ActiveCfg = Release|Any CPU
		{F71F4BF3-61DD-422B-8E71-2DD46A463EDE}.Release|Any CPU.Build.0 = Release|Any CPU
	EndGlobalSection
	GlobalSection(SolutionProperties) = preSolution
		HideSolutionNode = FALSE
	EndGlobalSection
	GlobalSection(ExtensibilityGlobals) = postSolution
		SolutionGuid = {92AB63C5-4515-4090-94FA-9627E4889E49}
	EndGlobalSection
EndGlobal
